// !$*UTF8*$!
{
	archiveVersion = 1;
	classes = {
	};
	objectVersion = 56;
	objects = {

/* Begin PBXBuildFile section */
		205B03B92B5076A7009876B1 /* LoadingView.swift in Sources */ = {isa = PBXBuildFile; fileRef = 205B03B82B5076A7009876B1 /* LoadingView.swift */; };
		205B03BD2B509073009876B1 /* RemoteImage.swift in Sources */ = {isa = PBXBuildFile; fileRef = 205B03BC2B509073009876B1 /* RemoteImage.swift */; };
		205B03C92B5153BB009876B1 /* AppetizerDetailView.swift in Sources */ = {isa = PBXBuildFile; fileRef = 205B03C82B5153BB009876B1 /* AppetizerDetailView.swift */; };
		205B03CC2B51D577009876B1 /* APButton.swift in Sources */ = {isa = PBXBuildFile; fileRef = 205B03CB2B51D577009876B1 /* APButton.swift */; };
		205B03CE2B51D6B8009876B1 /* XDismissButton.swift in Sources */ = {isa = PBXBuildFile; fileRef = 205B03CD2B51D6B8009876B1 /* XDismissButton.swift */; };
		205B03D02B52B96C009876B1 /* AccountViewModel.swift in Sources */ = {isa = PBXBuildFile; fileRef = 205B03CF2B52B96C009876B1 /* AccountViewModel.swift */; };
		205B03D32B52BB1D009876B1 /* String+Ext.swift in Sources */ = {isa = PBXBuildFile; fileRef = 205B03D22B52BB1D009876B1 /* String+Ext.swift */; };
		205B03D52B52C13E009876B1 /* User.swift in Sources */ = {isa = PBXBuildFile; fileRef = 205B03D42B52C13E009876B1 /* User.swift */; };
		205B03D82B52DFE0009876B1 /* EmptyState.swift in Sources */ = {isa = PBXBuildFile; fileRef = 205B03D72B52DFE0009876B1 /* EmptyState.swift */; };
		205B03DA2B52E46E009876B1 /* Order.swift in Sources */ = {isa = PBXBuildFile; fileRef = 205B03D92B52E46E009876B1 /* Order.swift */; };
		207C7C642B480CA200D1FD20 /* AppetizersApp.swift in Sources */ = {isa = PBXBuildFile; fileRef = 207C7C632B480CA200D1FD20 /* AppetizersApp.swift */; };
		207C7C662B480CA200D1FD20 /* AppetizersTabView.swift in Sources */ = {isa = PBXBuildFile; fileRef = 207C7C652B480CA200D1FD20 /* AppetizersTabView.swift */; };
		207C7C682B480CA300D1FD20 /* Assets.xcassets in Resources */ = {isa = PBXBuildFile; fileRef = 207C7C672B480CA300D1FD20 /* Assets.xcassets */; };
		207C7C6B2B480CA300D1FD20 /* Preview Assets.xcassets in Resources */ = {isa = PBXBuildFile; fileRef = 207C7C6A2B480CA300D1FD20 /* Preview Assets.xcassets */; };
		207C7C722B480D2300D1FD20 /* AppetizersListView.swift in Sources */ = {isa = PBXBuildFile; fileRef = 207C7C712B480D2300D1FD20 /* AppetizersListView.swift */; };
		207C7C742B480D3500D1FD20 /* AccountView.swift in Sources */ = {isa = PBXBuildFile; fileRef = 207C7C732B480D3500D1FD20 /* AccountView.swift */; };
		207C7C762B480D4000D1FD20 /* OrderView.swift in Sources */ = {isa = PBXBuildFile; fileRef = 207C7C752B480D4000D1FD20 /* OrderView.swift */; };
		207C7C782B48216000D1FD20 /* Appetizer.swift in Sources */ = {isa = PBXBuildFile; fileRef = 207C7C772B48216000D1FD20 /* Appetizer.swift */; };
		207C7C7A2B48298900D1FD20 /* AppetizerListCell.swift in Sources */ = {isa = PBXBuildFile; fileRef = 207C7C792B48298900D1FD20 /* AppetizerListCell.swift */; };
		207C7C7C2B482AAC00D1FD20 /* NetworkManager.swift in Sources */ = {isa = PBXBuildFile; fileRef = 207C7C7B2B482AAC00D1FD20 /* NetworkManager.swift */; };
		207C7C7E2B482B9300D1FD20 /* APError.swift in Sources */ = {isa = PBXBuildFile; fileRef = 207C7C7D2B482B9300D1FD20 /* APError.swift */; };
		207C7C822B502F0B00D1FD20 /* AppetizersViewModel.swift in Sources */ = {isa = PBXBuildFile; fileRef = 207C7C812B502F0B00D1FD20 /* AppetizersViewModel.swift */; };
		207C7C842B50327200D1FD20 /* Alert.swift in Sources */ = {isa = PBXBuildFile; fileRef = 207C7C832B50327200D1FD20 /* Alert.swift */; };
/* End PBXBuildFile section */

/* Begin PBXFileReference section */
		205B03B82B5076A7009876B1 /* LoadingView.swift */ = {isa = PBXFileReference; lastKnownFileType = sourcecode.swift; path = LoadingView.swift; sourceTree = "<group>"; };
		205B03BC2B509073009876B1 /* RemoteImage.swift */ = {isa = PBXFileReference; lastKnownFileType = sourcecode.swift; path = RemoteImage.swift; sourceTree = "<group>"; };
		205B03C82B5153BB009876B1 /* AppetizerDetailView.swift */ = {isa = PBXFileReference; lastKnownFileType = sourcecode.swift; path = AppetizerDetailView.swift; sourceTree = "<group>"; };
		205B03CB2B51D577009876B1 /* APButton.swift */ = {isa = PBXFileReference; lastKnownFileType = sourcecode.swift; path = APButton.swift; sourceTree = "<group>"; };
		205B03CD2B51D6B8009876B1 /* XDismissButton.swift */ = {isa = PBXFileReference; lastKnownFileType = sourcecode.swift; path = XDismissButton.swift; sourceTree = "<group>"; };
		205B03CF2B52B96C009876B1 /* AccountViewModel.swift */ = {isa = PBXFileReference; lastKnownFileType = sourcecode.swift; path = AccountViewModel.swift; sourceTree = "<group>"; };
		205B03D22B52BB1D009876B1 /* String+Ext.swift */ = {isa = PBXFileReference; lastKnownFileType = sourcecode.swift; path = "String+Ext.swift"; sourceTree = "<group>"; };
		205B03D42B52C13E009876B1 /* User.swift */ = {isa = PBXFileReference; lastKnownFileType = sourcecode.swift; path = User.swift; sourceTree = "<group>"; };
		205B03D72B52DFE0009876B1 /* EmptyState.swift */ = {isa = PBXFileReference; lastKnownFileType = sourcecode.swift; path = EmptyState.swift; sourceTree = "<group>"; };
		205B03D92B52E46E009876B1 /* Order.swift */ = {isa = PBXFileReference; lastKnownFileType = sourcecode.swift; path = Order.swift; sourceTree = "<group>"; };
		207C7C602B480CA200D1FD20 /* Appetizers.app */ = {isa = PBXFileReference; explicitFileType = wrapper.application; includeInIndex = 0; path = Appetizers.app; sourceTree = BUILT_PRODUCTS_DIR; };
		207C7C632B480CA200D1FD20 /* AppetizersApp.swift */ = {isa = PBXFileReference; lastKnownFileType = sourcecode.swift; path = AppetizersApp.swift; sourceTree = "<group>"; };
		207C7C652B480CA200D1FD20 /* AppetizersTabView.swift */ = {isa = PBXFileReference; lastKnownFileType = sourcecode.swift; path = AppetizersTabView.swift; sourceTree = "<group>"; };
		207C7C672B480CA300D1FD20 /* Assets.xcassets */ = {isa = PBXFileReference; lastKnownFileType = folder.assetcatalog; path = Assets.xcassets; sourceTree = "<group>"; };
		207C7C6A2B480CA300D1FD20 /* Preview Assets.xcassets */ = {isa = PBXFileReference; lastKnownFileType = folder.assetcatalog; path = "Preview Assets.xcassets"; sourceTree = "<group>"; };
		207C7C712B480D2300D1FD20 /* AppetizersListView.swift */ = {isa = PBXFileReference; lastKnownFileType = sourcecode.swift; path = AppetizersListView.swift; sourceTree = "<group>"; };
		207C7C732B480D3500D1FD20 /* AccountView.swift */ = {isa = PBXFileReference; lastKnownFileType = sourcecode.swift; path = AccountView.swift; sourceTree = "<group>"; };
		207C7C752B480D4000D1FD20 /* OrderView.swift */ = {isa = PBXFileReference; lastKnownFileType = sourcecode.swift; path = OrderView.swift; sourceTree = "<group>"; };
		207C7C772B48216000D1FD20 /* Appetizer.swift */ = {isa = PBXFileReference; lastKnownFileType = sourcecode.swift; path = Appetizer.swift; sourceTree = "<group>"; };
		207C7C792B48298900D1FD20 /* AppetizerListCell.swift */ = {isa = PBXFileReference; lastKnownFileType = sourcecode.swift; path = AppetizerListCell.swift; sourceTree = "<group>"; };
		207C7C7B2B482AAC00D1FD20 /* NetworkManager.swift */ = {isa = PBXFileReference; lastKnownFileType = sourcecode.swift; path = NetworkManager.swift; sourceTree = "<group>"; };
		207C7C7D2B482B9300D1FD20 /* APError.swift */ = {isa = PBXFileReference; lastKnownFileType = sourcecode.swift; path = APError.swift; sourceTree = "<group>"; };
		207C7C812B502F0B00D1FD20 /* AppetizersViewModel.swift */ = {isa = PBXFileReference; lastKnownFileType = sourcecode.swift; path = AppetizersViewModel.swift; sourceTree = "<group>"; };
		207C7C832B50327200D1FD20 /* Alert.swift */ = {isa = PBXFileReference; lastKnownFileType = sourcecode.swift; path = Alert.swift; sourceTree = "<group>"; };
/* End PBXFileReference section */

/* Begin PBXFrameworksBuildPhase section */
		207C7C5D2B480CA200D1FD20 /* Frameworks */ = {
			isa = PBXFrameworksBuildPhase;
			buildActionMask = 2147483647;
			files = (
			);
			runOnlyForDeploymentPostprocessing = 0;
		};
/* End PBXFrameworksBuildPhase section */

/* Begin PBXGroup section */
		205B03BE2B509555009876B1 /* AccountView */ = {
			isa = PBXGroup;
			children = (
				207C7C732B480D3500D1FD20 /* AccountView.swift */,
				205B03CF2B52B96C009876B1 /* AccountViewModel.swift */,
			);
			path = AccountView;
			sourceTree = "<group>";
		};
		205B03BF2B50955C009876B1 /* OrderView */ = {
			isa = PBXGroup;
			children = (
				207C7C752B480D4000D1FD20 /* OrderView.swift */,
			);
			path = OrderView;
			sourceTree = "<group>";
		};
		205B03C02B509594009876B1 /* Utilities */ = {
			isa = PBXGroup;
			children = (
				205B03D12B52BB08009876B1 /* Extensions */,
				205B03C22B5095B3009876B1 /* Alert */,
				205B03C12B5095A2009876B1 /* Managers */,
			);
			path = Utilities;
			sourceTree = "<group>";
		};
		205B03C12B5095A2009876B1 /* Managers */ = {
			isa = PBXGroup;
			children = (
				207C7C7B2B482AAC00D1FD20 /* NetworkManager.swift */,
			);
			path = Managers;
			sourceTree = "<group>";
		};
		205B03C22B5095B3009876B1 /* Alert */ = {
			isa = PBXGroup;
			children = (
				207C7C7D2B482B9300D1FD20 /* APError.swift */,
				207C7C832B50327200D1FD20 /* Alert.swift */,
			);
			path = Alert;
			sourceTree = "<group>";
		};
		205B03C32B50970B009876B1 /* Model */ = {
			isa = PBXGroup;
			children = (
				207C7C772B48216000D1FD20 /* Appetizer.swift */,
				205B03D42B52C13E009876B1 /* User.swift */,
				205B03D92B52E46E009876B1 /* Order.swift */,
			);
			path = Model;
			sourceTree = "<group>";
		};
		205B03C42B509741009876B1 /* Views */ = {
			isa = PBXGroup;
			children = (
				205B03D62B52DFCC009876B1 /* Empty States */,
				205B03CA2B51D568009876B1 /* Buttons */,
				205B03C72B509777009876B1 /* Image */,
				205B03C62B509762009876B1 /* Cells */,
				205B03C52B509748009876B1 /* UIKit Components */,
			);
			path = Views;
			sourceTree = "<group>";
		};
		205B03C52B509748009876B1 /* UIKit Components */ = {
			isa = PBXGroup;
			children = (
				205B03B82B5076A7009876B1 /* LoadingView.swift */,
			);
			path = "UIKit Components";
			sourceTree = "<group>";
		};
		205B03C62B509762009876B1 /* Cells */ = {
			isa = PBXGroup;
			children = (
				207C7C792B48298900D1FD20 /* AppetizerListCell.swift */,
			);
			path = Cells;
			sourceTree = "<group>";
		};
		205B03C72B509777009876B1 /* Image */ = {
			isa = PBXGroup;
			children = (
				205B03BC2B509073009876B1 /* RemoteImage.swift */,
			);
			path = Image;
			sourceTree = "<group>";
		};
		205B03CA2B51D568009876B1 /* Buttons */ = {
			isa = PBXGroup;
			children = (
				205B03CB2B51D577009876B1 /* APButton.swift */,
				205B03CD2B51D6B8009876B1 /* XDismissButton.swift */,
			);
			path = Buttons;
			sourceTree = "<group>";
		};
		205B03D12B52BB08009876B1 /* Extensions */ = {
			isa = PBXGroup;
			children = (
				205B03D22B52BB1D009876B1 /* String+Ext.swift */,
			);
			path = Extensions;
			sourceTree = "<group>";
		};
		205B03D62B52DFCC009876B1 /* Empty States */ = {
			isa = PBXGroup;
			children = (
				205B03D72B52DFE0009876B1 /* EmptyState.swift */,
			);
			path = "Empty States";
			sourceTree = "<group>";
		};
		207C7C572B480CA200D1FD20 = {
			isa = PBXGroup;
			children = (
				207C7C622B480CA200D1FD20 /* Appetizers */,
				207C7C612B480CA200D1FD20 /* Products */,
			);
			sourceTree = "<group>";
		};
		207C7C612B480CA200D1FD20 /* Products */ = {
			isa = PBXGroup;
			children = (
				207C7C602B480CA200D1FD20 /* Appetizers.app */,
			);
			name = Products;
			sourceTree = "<group>";
		};
		207C7C622B480CA200D1FD20 /* Appetizers */ = {
			isa = PBXGroup;
			children = (
				205B03C42B509741009876B1 /* Views */,
				205B03C32B50970B009876B1 /* Model */,
				205B03C02B509594009876B1 /* Utilities */,
				207C7C7F2B502E2E00D1FD20 /* Screens */,
				207C7C632B480CA200D1FD20 /* AppetizersApp.swift */,
				207C7C672B480CA300D1FD20 /* Assets.xcassets */,
				207C7C692B480CA300D1FD20 /* Preview Content */,
			);
			path = Appetizers;
			sourceTree = "<group>";
		};
		207C7C692B480CA300D1FD20 /* Preview Content */ = {
			isa = PBXGroup;
			children = (
				207C7C6A2B480CA300D1FD20 /* Preview Assets.xcassets */,
			);
			path = "Preview Content";
			sourceTree = "<group>";
		};
		207C7C7F2B502E2E00D1FD20 /* Screens */ = {
			isa = PBXGroup;
			children = (
				207C7C652B480CA200D1FD20 /* AppetizersTabView.swift */,
				207C7C802B502EEA00D1FD20 /* AppetizerListView */,
				205B03BE2B509555009876B1 /* AccountView */,
				205B03BF2B50955C009876B1 /* OrderView */,
			);
			path = Screens;
			sourceTree = "<group>";
		};
		207C7C802B502EEA00D1FD20 /* AppetizerListView */ = {
			isa = PBXGroup;
			children = (
				207C7C712B480D2300D1FD20 /* AppetizersListView.swift */,
				205B03C82B5153BB009876B1 /* AppetizerDetailView.swift */,
				207C7C812B502F0B00D1FD20 /* AppetizersViewModel.swift */,
			);
			path = AppetizerListView;
			sourceTree = "<group>";
		};
/* End PBXGroup section */

/* Begin PBXNativeTarget section */
		207C7C5F2B480CA200D1FD20 /* Appetizers */ = {
			isa = PBXNativeTarget;
			buildConfigurationList = 207C7C6E2B480CA300D1FD20 /* Build configuration list for PBXNativeTarget "Appetizers" */;
			buildPhases = (
				207C7C5C2B480CA200D1FD20 /* Sources */,
				207C7C5D2B480CA200D1FD20 /* Frameworks */,
				207C7C5E2B480CA200D1FD20 /* Resources */,
			);
			buildRules = (
			);
			dependencies = (
			);
			name = Appetizers;
			productName = Appetizers;
			productReference = 207C7C602B480CA200D1FD20 /* Appetizers.app */;
			productType = "com.apple.product-type.application";
		};
/* End PBXNativeTarget section */

/* Begin PBXProject section */
		207C7C582B480CA200D1FD20 /* Project object */ = {
			isa = PBXProject;
			attributes = {
				BuildIndependentTargetsInParallel = 1;
				LastSwiftUpdateCheck = 1500;
				LastUpgradeCheck = 1500;
				TargetAttributes = {
					207C7C5F2B480CA200D1FD20 = {
						CreatedOnToolsVersion = 15.0;
					};
				};
			};
			buildConfigurationList = 207C7C5B2B480CA200D1FD20 /* Build configuration list for PBXProject "Appetizers" */;
			compatibilityVersion = "Xcode 14.0";
			developmentRegion = en;
			hasScannedForEncodings = 0;
			knownRegions = (
				en,
				Base,
			);
			mainGroup = 207C7C572B480CA200D1FD20;
			productRefGroup = 207C7C612B480CA200D1FD20 /* Products */;
			projectDirPath = "";
			projectRoot = "";
			targets = (
				207C7C5F2B480CA200D1FD20 /* Appetizers */,
			);
		};
/* End PBXProject section */

/* Begin PBXResourcesBuildPhase section */
		207C7C5E2B480CA200D1FD20 /* Resources */ = {
			isa = PBXResourcesBuildPhase;
			buildActionMask = 2147483647;
			files = (
				207C7C6B2B480CA300D1FD20 /* Preview Assets.xcassets in Resources */,
				207C7C682B480CA300D1FD20 /* Assets.xcassets in Resources */,
			);
			runOnlyForDeploymentPostprocessing = 0;
		};
/* End PBXResourcesBuildPhase section */

/* Begin PBXSourcesBuildPhase section */
		207C7C5C2B480CA200D1FD20 /* Sources */ = {
			isa = PBXSourcesBuildPhase;
			buildActionMask = 2147483647;
			files = (
				205B03D32B52BB1D009876B1 /* String+Ext.swift in Sources */,
				207C7C782B48216000D1FD20 /* Appetizer.swift in Sources */,
				207C7C7E2B482B9300D1FD20 /* APError.swift in Sources */,
				207C7C7A2B48298900D1FD20 /* AppetizerListCell.swift in Sources */,
				205B03CC2B51D577009876B1 /* APButton.swift in Sources */,
				207C7C742B480D3500D1FD20 /* AccountView.swift in Sources */,
				205B03DA2B52E46E009876B1 /* Order.swift in Sources */,
				207C7C662B480CA200D1FD20 /* AppetizersTabView.swift in Sources */,
				205B03D82B52DFE0009876B1 /* EmptyState.swift in Sources */,
				205B03B92B5076A7009876B1 /* LoadingView.swift in Sources */,
				205B03BD2B509073009876B1 /* RemoteImage.swift in Sources */,
				207C7C7C2B482AAC00D1FD20 /* NetworkManager.swift in Sources */,
				205B03C92B5153BB009876B1 /* AppetizerDetailView.swift in Sources */,
				207C7C642B480CA200D1FD20 /* AppetizersApp.swift in Sources */,
				207C7C722B480D2300D1FD20 /* AppetizersListView.swift in Sources */,
				207C7C842B50327200D1FD20 /* Alert.swift in Sources */,
				207C7C762B480D4000D1FD20 /* OrderView.swift in Sources */,
				207C7C822B502F0B00D1FD20 /* AppetizersViewModel.swift in Sources */,
				205B03D02B52B96C009876B1 /* AccountViewModel.swift in Sources */,
				205B03CE2B51D6B8009876B1 /* XDismissButton.swift in Sources */,
				205B03D52B52C13E009876B1 /* User.swift in Sources */,
			);
			runOnlyForDeploymentPostprocessing = 0;
		};
/* End PBXSourcesBuildPhase section */

/* Begin XCBuildConfiguration section */
		207C7C6C2B480CA300D1FD20 /* Debug */ = {
			isa = XCBuildConfiguration;
			buildSettings = {
				ALWAYS_SEARCH_USER_PATHS = NO;
				ASSETCATALOG_COMPILER_GENERATE_SWIFT_ASSET_SYMBOL_EXTENSIONS = YES;
				CLANG_ANALYZER_NONNULL = YES;
				CLANG_ANALYZER_NUMBER_OBJECT_CONVERSION = YES_AGGRESSIVE;
				CLANG_CXX_LANGUAGE_STANDARD = "gnu++20";
				CLANG_ENABLE_MODULES = YES;
				CLANG_ENABLE_OBJC_ARC = YES;
				CLANG_ENABLE_OBJC_WEAK = YES;
				CLANG_WARN_BLOCK_CAPTURE_AUTORELEASING = YES;
				CLANG_WARN_BOOL_CONVERSION = YES;
				CLANG_WARN_COMMA = YES;
				CLANG_WARN_CONSTANT_CONVERSION = YES;
				CLANG_WARN_DEPRECATED_OBJC_IMPLEMENTATIONS = YES;
				CLANG_WARN_DIRECT_OBJC_ISA_USAGE = YES_ERROR;
				CLANG_WARN_DOCUMENTATION_COMMENTS = YES;
				CLANG_WARN_EMPTY_BODY = YES;
				CLANG_WARN_ENUM_CONVERSION = YES;
				CLANG_WARN_INFINITE_RECURSION = YES;
				CLANG_WARN_INT_CONVERSION = YES;
				CLANG_WARN_NON_LITERAL_NULL_CONVERSION = YES;
				CLANG_WARN_OBJC_IMPLICIT_RETAIN_SELF = YES;
				CLANG_WARN_OBJC_LITERAL_CONVERSION = YES;
				CLANG_WARN_OBJC_ROOT_CLASS = YES_ERROR;
				CLANG_WARN_QUOTED_INCLUDE_IN_FRAMEWORK_HEADER = YES;
				CLANG_WARN_RANGE_LOOP_ANALYSIS = YES;
				CLANG_WARN_STRICT_PROTOTYPES = YES;
				CLANG_WARN_SUSPICIOUS_MOVE = YES;
				CLANG_WARN_UNGUARDED_AVAILABILITY = YES_AGGRESSIVE;
				CLANG_WARN_UNREACHABLE_CODE = YES;
				CLANG_WARN__DUPLICATE_METHOD_MATCH = YES;
				COPY_PHASE_STRIP = NO;
				DEBUG_INFORMATION_FORMAT = dwarf;
				ENABLE_STRICT_OBJC_MSGSEND = YES;
				ENABLE_TESTABILITY = YES;
				ENABLE_USER_SCRIPT_SANDBOXING = YES;
				GCC_C_LANGUAGE_STANDARD = gnu17;
				GCC_DYNAMIC_NO_PIC = NO;
				GCC_NO_COMMON_BLOCKS = YES;
				GCC_OPTIMIZATION_LEVEL = 0;
				GCC_PREPROCESSOR_DEFINITIONS = (
					"DEBUG=1",
					"$(inherited)",
				);
				GCC_WARN_64_TO_32_BIT_CONVERSION = YES;
				GCC_WARN_ABOUT_RETURN_TYPE = YES_ERROR;
				GCC_WARN_UNDECLARED_SELECTOR = YES;
				GCC_WARN_UNINITIALIZED_AUTOS = YES_AGGRESSIVE;
				GCC_WARN_UNUSED_FUNCTION = YES;
				GCC_WARN_UNUSED_VARIABLE = YES;
				IPHONEOS_DEPLOYMENT_TARGET = 16.6;
				LOCALIZATION_PREFERS_STRING_CATALOGS = YES;
				MTL_ENABLE_DEBUG_INFO = INCLUDE_SOURCE;
				MTL_FAST_MATH = YES;
				ONLY_ACTIVE_ARCH = YES;
				SDKROOT = iphoneos;
				SWIFT_ACTIVE_COMPILATION_CONDITIONS = "DEBUG $(inherited)";
				SWIFT_OPTIMIZATION_LEVEL = "-Onone";
			};
			name = Debug;
		};
		207C7C6D2B480CA300D1FD20 /* Release */ = {
			isa = XCBuildConfiguration;
			buildSettings = {
				ALWAYS_SEARCH_USER_PATHS = NO;
				ASSETCATALOG_COMPILER_GENERATE_SWIFT_ASSET_SYMBOL_EXTENSIONS = YES;
				CLANG_ANALYZER_NONNULL = YES;
				CLANG_ANALYZER_NUMBER_OBJECT_CONVERSION = YES_AGGRESSIVE;
				CLANG_CXX_LANGUAGE_STANDARD = "gnu++20";
				CLANG_ENABLE_MODULES = YES;
				CLANG_ENABLE_OBJC_ARC = YES;
				CLANG_ENABLE_OBJC_WEAK = YES;
				CLANG_WARN_BLOCK_CAPTURE_AUTORELEASING = YES;
				CLANG_WARN_BOOL_CONVERSION = YES;
				CLANG_WARN_COMMA = YES;
				CLANG_WARN_CONSTANT_CONVERSION = YES;
				CLANG_WARN_DEPRECATED_OBJC_IMPLEMENTATIONS = YES;
				CLANG_WARN_DIRECT_OBJC_ISA_USAGE = YES_ERROR;
				CLANG_WARN_DOCUMENTATION_COMMENTS = YES;
				CLANG_WARN_EMPTY_BODY = YES;
				CLANG_WARN_ENUM_CONVERSION = YES;
				CLANG_WARN_INFINITE_RECURSION = YES;
				CLANG_WARN_INT_CONVERSION = YES;
				CLANG_WARN_NON_LITERAL_NULL_CONVERSION = YES;
				CLANG_WARN_OBJC_IMPLICIT_RETAIN_SELF = YES;
				CLANG_WARN_OBJC_LITERAL_CONVERSION = YES;
				CLANG_WARN_OBJC_ROOT_CLASS = YES_ERROR;
				CLANG_WARN_QUOTED_INCLUDE_IN_FRAMEWORK_HEADER = YES;
				CLANG_WARN_RANGE_LOOP_ANALYSIS = YES;
				CLANG_WARN_STRICT_PROTOTYPES = YES;
				CLANG_WARN_SUSPICIOUS_MOVE = YES;
				CLANG_WARN_UNGUARDED_AVAILABILITY = YES_AGGRESSIVE;
				CLANG_WARN_UNREACHABLE_CODE = YES;
				CLANG_WARN__DUPLICATE_METHOD_MATCH = YES;
				COPY_PHASE_STRIP = NO;
				DEBUG_INFORMATION_FORMAT = "dwarf-with-dsym";
				ENABLE_NS_ASSERTIONS = NO;
				ENABLE_STRICT_OBJC_MSGSEND = YES;
				ENABLE_USER_SCRIPT_SANDBOXING = YES;
				GCC_C_LANGUAGE_STANDARD = gnu17;
				GCC_NO_COMMON_BLOCKS = YES;
				GCC_WARN_64_TO_32_BIT_CONVERSION = YES;
				GCC_WARN_ABOUT_RETURN_TYPE = YES_ERROR;
				GCC_WARN_UNDECLARED_SELECTOR = YES;
				GCC_WARN_UNINITIALIZED_AUTOS = YES_AGGRESSIVE;
				GCC_WARN_UNUSED_FUNCTION = YES;
				GCC_WARN_UNUSED_VARIABLE = YES;
				IPHONEOS_DEPLOYMENT_TARGET = 16.6;
				LOCALIZATION_PREFERS_STRING_CATALOGS = YES;
				MTL_ENABLE_DEBUG_INFO = NO;
				MTL_FAST_MATH = YES;
				SDKROOT = iphoneos;
				SWIFT_COMPILATION_MODE = wholemodule;
				VALIDATE_PRODUCT = YES;
			};
			name = Release;
		};
		207C7C6F2B480CA300D1FD20 /* Debug */ = {
			isa = XCBuildConfiguration;
			buildSettings = {
				ASSETCATALOG_COMPILER_APPICON_NAME = AppIcon;
				ASSETCATALOG_COMPILER_GLOBAL_ACCENT_COLOR_NAME = AccentColor;
				CODE_SIGN_STYLE = Automatic;
				CURRENT_PROJECT_VERSION = 1;
				DEVELOPMENT_ASSET_PATHS = "\"Appetizers/Preview Content\"";
				DEVELOPMENT_TEAM = 97AVL57GTN;
				ENABLE_PREVIEWS = YES;
				GENERATE_INFOPLIST_FILE = YES;
				INFOPLIST_KEY_UIApplicationSceneManifest_Generation = YES;
				INFOPLIST_KEY_UIApplicationSupportsIndirectInputEvents = YES;
				INFOPLIST_KEY_UILaunchScreen_Generation = YES;
				INFOPLIST_KEY_UISupportedInterfaceOrientations_iPad = "UIInterfaceOrientationPortrait UIInterfaceOrientationPortraitUpsideDown UIInterfaceOrientationLandscapeLeft UIInterfaceOrientationLandscapeRight";
				INFOPLIST_KEY_UISupportedInterfaceOrientations_iPhone = "UIInterfaceOrientationPortrait UIInterfaceOrientationLandscapeLeft UIInterfaceOrientationLandscapeRight";
				LD_RUNPATH_SEARCH_PATHS = (
					"$(inherited)",
					"@executable_path/Frameworks",
				);
				MARKETING_VERSION = 1.0;
				PRODUCT_BUNDLE_IDENTIFIER = com.slava.Appetizers;
				PRODUCT_NAME = "$(TARGET_NAME)";
				SWIFT_EMIT_LOC_STRINGS = YES;
				SWIFT_VERSION = 5.0;
				TARGETED_DEVICE_FAMILY = "1,2";
			};
			name = Debug;
		};
		207C7C702B480CA300D1FD20 /* Release */ = {
			isa = XCBuildConfiguration;
			buildSettings = {
				ASSETCATALOG_COMPILER_APPICON_NAME = AppIcon;
				ASSETCATALOG_COMPILER_GLOBAL_ACCENT_COLOR_NAME = AccentColor;
				CODE_SIGN_STYLE = Automatic;
				CURRENT_PROJECT_VERSION = 1;
				DEVELOPMENT_ASSET_PATHS = "\"Appetizers/Preview Content\"";
				DEVELOPMENT_TEAM = 97AVL57GTN;
				ENABLE_PREVIEWS = YES;
				GENERATE_INFOPLIST_FILE = YES;
				INFOPLIST_KEY_UIApplicationSceneManifest_Generation = YES;
				INFOPLIST_KEY_UIApplicationSupportsIndirectInputEvents = YES;
				INFOPLIST_KEY_UILaunchScreen_Generation = YES;
				INFOPLIST_KEY_UISupportedInterfaceOrientations_iPad = "UIInterfaceOrientationPortrait UIInterfaceOrientationPortraitUpsideDown UIInterfaceOrientationLandscapeLeft UIInterfaceOrientationLandscapeRight";
				INFOPLIST_KEY_UISupportedInterfaceOrientations_iPhone = "UIInterfaceOrientationPortrait UIInterfaceOrientationLandscapeLeft UIInterfaceOrientationLandscapeRight";
				LD_RUNPATH_SEARCH_PATHS = (
					"$(inherited)",
					"@executable_path/Frameworks",
				);
				MARKETING_VERSION = 1.0;
				PRODUCT_BUNDLE_IDENTIFIER = com.slava.Appetizers;
				PRODUCT_NAME = "$(TARGET_NAME)";
				SWIFT_EMIT_LOC_STRINGS = YES;
				SWIFT_VERSION = 5.0;
				TARGETED_DEVICE_FAMILY = "1,2";
			};
			name = Release;
		};
/* End XCBuildConfiguration section */

/* Begin XCConfigurationList section */
		207C7C5B2B480CA200D1FD20 /* Build configuration list for PBXProject "Appetizers" */ = {
			isa = XCConfigurationList;
			buildConfigurations = (
				207C7C6C2B480CA300D1FD20 /* Debug */,
				207C7C6D2B480CA300D1FD20 /* Release */,
			);
			defaultConfigurationIsVisible = 0;
			defaultConfigurationName = Release;
		};
		207C7C6E2B480CA300D1FD20 /* Build configuration list for PBXNativeTarget "Appetizers" */ = {
			isa = XCConfigurationList;
			buildConfigurations = (
				207C7C6F2B480CA300D1FD20 /* Debug */,
				207C7C702B480CA300D1FD20 /* Release */,
			);
			defaultConfigurationIsVisible = 0;
			defaultConfigurationName = Release;
		};
/* End XCConfigurationList section */
	};
	rootObject = 207C7C582B480CA200D1FD20 /* Project object */;
}
